
Microsoft Visual Studio Solution File, Format Version 12.00
# Visual Studio Version 16
VisualStudioVersion = 16.0.30611.23
MinimumVisualStudioVersion = 10.0.40219.1
Project("{9A19103F-16F7-4668-BE54-9A1E7A4F7556}") = "FileTimeChanger", "FileTimeChanger.csproj", "{55AAC144-BC55-4D68-978F-5E3A42E23994}"
EndProject
Project("{54435603-DBB4-11D2-8724-00A0C9A8B90C}") = "Setup File Time Changer", "..\Setup File Time Changer\Setup File Time Changer.vdproj", "{30DC029E-9815-42CC-BEE4-C49850D13B2A}"
EndProject
Global
	GlobalSection(SolutionConfigurationPlatforms) = preSolution
		Debug|Any CPU = Debug|Any CPU
		Release|Any CPU = Release|Any CPU
	EndGlobalSection
	GlobalSection(ProjectConfigurationPlatforms) = postSolution
		{55AAC144-BC55-4D68-978F-5E3A42E23994}.Debug|Any CPU.ActiveCfg = Debug|Any CPU
		{55AAC144-BC55-4D68-978F-5E3A42E23994}.Debug|Any CPU.Build.0 = Debug|Any CPU
		{55AAC144-BC55-4D68-978F-5E3A42E23994}.Release|Any CPU.ActiveCfg = Release|Any CPU
		{55AAC144-BC55-4D68-978F-5E3A42E23994}.Release|Any CPU.Build.0 = Release|Any CPU
		{30DC029E-9815-42CC-BEE4-C49850D13B2A}.Debug|Any CPU.ActiveCfg = Debug
		{30DC029E-9815-42CC-BEE4-C49850D13B2A}.Release|Any CPU.ActiveCfg = Release
	EndGlobalSection
	GlobalSection(SolutionProperties) = preSolution
		HideSolutionNode = FALSE
	EndGlobalSection
	GlobalSection(ExtensibilityGlobals) = postSolution
		SolutionGuid = {543CBA78-EBF3-4D4C-8F19-9BECE7236442}
	EndGlobalSection
EndGlobal
